{
  "requires": true,
  "lockfileVersion": 1,
  "dependencies": {
    "vis-network": {
      "version": "9.1.2",
      "resolved": "https://registry.npmjs.org/vis-network/-/vis-network-9.1.2.tgz",
      "integrity": "sha512-BdapguKg7sk3NvdZaDsM7T6rNhOBFz0/F4ZScxctK4klRzQPLQPTEcmbioXaZhMkkgWymzBR3lFCxL1q+eYyAw=="
    }
  }
}
